
Microsoft Visual Studio Solution File, Format Version 12.00
# Visual Studio Version 16
VisualStudioVersion = 16.0.33927.289
MinimumVisualStudioVersion = 10.0.40219.1
Project("{FAE04EC0-301F-11D3-BF4B-00C04F79EFBC}") = "TS.TechnicalTest", "TS.TechnicalTest\TS.TechnicalTest.csproj", "{8617CC42-D5E2-4E87-9C05-ABE9551F398E}"
EndProject
Project("{FAE04EC0-301F-11D3-BF4B-00C04F79EFBC}") = "TS.UnitTests", "TS.UnitTests\TS.UnitTests.csproj", "{015C8893-8822-46C9-ADB3-08501CB15E52}"
EndProject
Project("{FAE04EC0-301F-11D3-BF4B-00C04F79EFBC}") = "TS.Domain", "TS.Domain\TS.Domain.csproj", "{0B31A603-BBA1-493B-8CED-D51FFE176EAF}"
EndProject
Project("{FAE04EC0-301F-11D3-BF4B-00C04F79EFBC}") = "TS.TechnicalTest.Q2", "TS.TechnicalTest.Q2\TS.TechnicalTest.Q2.csproj", "{1C999D90-87A1-4D16-B2E7-D10731B7F12F}"
EndProject
Global
	GlobalSection(SolutionConfigurationPlatforms) = preSolution
		Debug|Any CPU = Debug|Any CPU
		Release|Any CPU = Release|Any CPU
	EndGlobalSection
	GlobalSection(ProjectConfigurationPlatforms) = postSolution
		{8617CC42-D5E2-4E87-9C05-ABE9551F398E}.Debug|Any CPU.ActiveCfg = Debug|Any CPU
		{8617CC42-D5E2-4E87-9C05-ABE9551F398E}.Debug|Any CPU.Build.0 = Debug|Any CPU
		{8617CC42-D5E2-4E87-9C05-ABE9551F398E}.Release|Any CPU.ActiveCfg = Release|Any CPU
		{8617CC42-D5E2-4E87-9C05-ABE9551F398E}.Release|Any CPU.Build.0 = Release|Any CPU
		{015C8893-8822-46C9-ADB3-08501CB15E52}.Debug|Any CPU.ActiveCfg = Debug|Any CPU
		{015C8893-8822-46C9-ADB3-08501CB15E52}.Debug|Any CPU.Build.0 = Debug|Any CPU
		{015C8893-8822-46C9-ADB3-08501CB15E52}.Release|Any CPU.ActiveCfg = Release|Any CPU
		{015C8893-8822-46C9-ADB3-08501CB15E52}.Release|Any CPU.Build.0 = Release|Any CPU
		{0B31A603-BBA1-493B-8CED-D51FFE176EAF}.Debug|Any CPU.ActiveCfg = Debug|Any CPU
		{0B31A603-BBA1-493B-8CED-D51FFE176EAF}.Debug|Any CPU.Build.0 = Debug|Any CPU
		{0B31A603-BBA1-493B-8CED-D51FFE176EAF}.Release|Any CPU.ActiveCfg = Release|Any CPU
		{0B31A603-BBA1-493B-8CED-D51FFE176EAF}.Release|Any CPU.Build.0 = Release|Any CPU
		{1C999D90-87A1-4D16-B2E7-D10731B7F12F}.Debug|Any CPU.ActiveCfg = Debug|Any CPU
		{1C999D90-87A1-4D16-B2E7-D10731B7F12F}.Debug|Any CPU.Build.0 = Debug|Any CPU
		{1C999D90-87A1-4D16-B2E7-D10731B7F12F}.Release|Any CPU.ActiveCfg = Release|Any CPU
		{1C999D90-87A1-4D16-B2E7-D10731B7F12F}.Release|Any CPU.Build.0 = Release|Any CPU
	EndGlobalSection
	GlobalSection(SolutionProperties) = preSolution
		HideSolutionNode = FALSE
	EndGlobalSection
	GlobalSection(ExtensibilityGlobals) = postSolution
		SolutionGuid = {26EB880A-1249-4254-B060-5CF123F3B36B}
	EndGlobalSection
EndGlobal
